
Microsoft Visual Studio Solution File, Format Version 12.00
# Visual Studio Version 17
VisualStudioVersion = 17.7.34009.444
MinimumVisualStudioVersion = 10.0.40219.1
Project("{9A19103F-16F7-4668-BE54-9A1E7A4F7556}") = "SpeedWrite", "SpeedWrite.csproj", "{821BFB4A-BB1C-4835-8ED5-C807FACE876E}"
EndProject
Global
	GlobalSection(SolutionConfigurationPlatforms) = preSolution
		Debug|Any CPU = Debug|Any CPU
		Release|Any CPU = Release|Any CPU
	EndGlobalSection
	GlobalSection(ProjectConfigurationPlatforms) = postSolution
		{821BFB4A-BB1C-4835-8ED5-C807FACE876E}.Debug|Any CPU.ActiveCfg = Debug|Any CPU
		{821BFB4A-BB1C-4835-8ED5-C807FACE876E}.Debug|Any CPU.Build.0 = Debug|Any CPU
		{821BFB4A-BB1C-4835-8ED5-C807FACE876E}.Release|Any CPU.ActiveCfg = Release|Any CPU
		{821BFB4A-BB1C-4835-8ED5-C807FACE876E}.Release|Any CPU.Build.0 = Release|Any CPU
	EndGlobalSection
	GlobalSection(SolutionProperties) = preSolution
		HideSolutionNode = FALSE
	EndGlobalSection
	GlobalSection(ExtensibilityGlobals) = postSolution
		SolutionGuid = {9FCC970D-E5AB-4133-8AAC-0C19D2DE0696}
	EndGlobalSection
EndGlobal
